
Microsoft Visual Studio Solution File, Format Version 12.00
# Visual Studio Version 17
VisualStudioVersion = 17.7.34024.191
MinimumVisualStudioVersion = 10.0.40219.1
Project("{FAE04EC0-301F-11D3-BF4B-00C04F79EFBC}") = "Items", "Items\Items.csproj", "{CB139DD8-B0EF-4733-94F2-F77B59906DCE}"
EndProject
Project("{FAE04EC0-301F-11D3-BF4B-00C04F79EFBC}") = "Items.Domain", "Items.Domain\Items.Domain.csproj", "{89CFEA49-B3C7-4F4E-9B58-6182BC62F406}"
EndProject
Project("{FAE04EC0-301F-11D3-BF4B-00C04F79EFBC}") = "Items.Infrastructure", "Items.Infrastructure\Items.Infrastructure.csproj", "{A7B9BE13-9EFD-473A-9571-502161151905}"
EndProject
Project("{FAE04EC0-301F-11D3-BF4B-00C04F79EFBC}") = "Items.Application", "Items.Application\Items.Application.csproj", "{F83BF34A-52EB-44F2-A099-2AE36C819E66}"
EndProject
Project("{D954291E-2A0B-460D-934E-DC6B0785DB48}") = "Items.Shared", "Items.Shared\Items.Shared.shproj", "{EDBA66BC-6BFD-47C3-B2B6-95529D8830E6}"
EndProject
Global
	GlobalSection(SolutionConfigurationPlatforms) = preSolution
		Debug|Any CPU = Debug|Any CPU
		Release|Any CPU = Release|Any CPU
	EndGlobalSection
	GlobalSection(ProjectConfigurationPlatforms) = postSolution
		{CB139DD8-B0EF-4733-94F2-F77B59906DCE}.Debug|Any CPU.ActiveCfg = Debug|Any CPU
		{CB139DD8-B0EF-4733-94F2-F77B59906DCE}.Debug|Any CPU.Build.0 = Debug|Any CPU
		{CB139DD8-B0EF-4733-94F2-F77B59906DCE}.Release|Any CPU.ActiveCfg = Release|Any CPU
		{CB139DD8-B0EF-4733-94F2-F77B59906DCE}.Release|Any CPU.Build.0 = Release|Any CPU
		{89CFEA49-B3C7-4F4E-9B58-6182BC62F406}.Debug|Any CPU.ActiveCfg = Debug|Any CPU
		{89CFEA49-B3C7-4F4E-9B58-6182BC62F406}.Debug|Any CPU.Build.0 = Debug|Any CPU
		{89CFEA49-B3C7-4F4E-9B58-6182BC62F406}.Release|Any CPU.ActiveCfg = Release|Any CPU
		{89CFEA49-B3C7-4F4E-9B58-6182BC62F406}.Release|Any CPU.Build.0 = Release|Any CPU
		{A7B9BE13-9EFD-473A-9571-502161151905}.Debug|Any CPU.ActiveCfg = Debug|Any CPU
		{A7B9BE13-9EFD-473A-9571-502161151905}.Debug|Any CPU.Build.0 = Debug|Any CPU
		{A7B9BE13-9EFD-473A-9571-502161151905}.Release|Any CPU.ActiveCfg = Release|Any CPU
		{A7B9BE13-9EFD-473A-9571-502161151905}.Release|Any CPU.Build.0 = Release|Any CPU
		{F83BF34A-52EB-44F2-A099-2AE36C819E66}.Debug|Any CPU.ActiveCfg = Debug|Any CPU
		{F83BF34A-52EB-44F2-A099-2AE36C819E66}.Debug|Any CPU.Build.0 = Debug|Any CPU
		{F83BF34A-52EB-44F2-A099-2AE36C819E66}.Release|Any CPU.ActiveCfg = Release|Any CPU
		{F83BF34A-52EB-44F2-A099-2AE36C819E66}.Release|Any CPU.Build.0 = Release|Any CPU
	EndGlobalSection
	GlobalSection(SolutionProperties) = preSolution
		HideSolutionNode = FALSE
	EndGlobalSection
	GlobalSection(ExtensibilityGlobals) = postSolution
		SolutionGuid = {C36FC85E-1FCB-4B23-85A8-BC00F9CE3115}
	EndGlobalSection
	GlobalSection(SharedMSBuildProjectFiles) = preSolution
		Items.Shared\Items.Shared.projitems*{edba66bc-6bfd-47c3-b2b6-95529d8830e6}*SharedItemsImports = 13
		Items.Shared\Items.Shared.projitems*{f83bf34a-52eb-44f2-a099-2ae36c819e66}*SharedItemsImports = 5
	EndGlobalSection
EndGlobal
